
Microsoft Visual Studio Solution File, Format Version 12.00
# Visual Studio Version 17
VisualStudioVersion = 17.3.32825.248
MinimumVisualStudioVersion = 10.0.40219.1
Project("{FAE04EC0-301F-11D3-BF4B-00C04F79EFBC}") = "acme", "acme\acme.csproj", "{D0CBFA07-CF29-4847-BBBC-2657EDB1672C}"
EndProject
Global
	GlobalSection(SolutionConfigurationPlatforms) = preSolution
		Debug|Any CPU = Debug|Any CPU
		Release|Any CPU = Release|Any CPU
	EndGlobalSection
	GlobalSection(ProjectConfigurationPlatforms) = postSolution
		{D0CBFA07-CF29-4847-BBBC-2657EDB1672C}.Debug|Any CPU.ActiveCfg = Debug|Any CPU
		{D0CBFA07-CF29-4847-BBBC-2657EDB1672C}.Debug|Any CPU.Build.0 = Debug|Any CPU
		{D0CBFA07-CF29-4847-BBBC-2657EDB1672C}.Release|Any CPU.ActiveCfg = Release|Any CPU
		{D0CBFA07-CF29-4847-BBBC-2657EDB1672C}.Release|Any CPU.Build.0 = Release|Any CPU
	EndGlobalSection
	GlobalSection(SolutionProperties) = preSolution
		HideSolutionNode = FALSE
	EndGlobalSection
	GlobalSection(ExtensibilityGlobals) = postSolution
		SolutionGuid = {973F3832-214D-40C6-8C16-1686B2FEC951}
	EndGlobalSection
EndGlobal
